
Microsoft Visual Studio Solution File, Format Version 12.00
# Visual Studio Version 17
VisualStudioVersion = 17.11.35327.3
MinimumVisualStudioVersion = 10.0.40219.1
Project("{FAE04EC0-301F-11D3-BF4B-00C04F79EFBC}") = "lista_01_exercicios", "lista_01_exercicios\lista_01_exercicios.csproj", "{D3DB71AF-469B-433F-8BB5-6627334676EC}"
EndProject
Project("{FAE04EC0-301F-11D3-BF4B-00C04F79EFBC}") = "lista_02", "lista_02\lista_02.csproj", "{B82D6B2C-BC7D-4385-A56B-3F8B7FFF729A}"
EndProject
Project("{FAE04EC0-301F-11D3-BF4B-00C04F79EFBC}") = "lista_03", "lista_03\lista_03.csproj", "{309CFBE7-9395-4351-9B42-C532287CACBE}"
EndProject
Project("{FAE04EC0-301F-11D3-BF4B-00C04F79EFBC}") = "lista_04", "lista_04\lista_04.csproj", "{B22911E8-E558-41DE-BFEE-5A06DC9BC01A}"
EndProject
Project("{FAE04EC0-301F-11D3-BF4B-00C04F79EFBC}") = "lista_05", "lista_05\lista_05.csproj", "{56859DC3-8BB7-4270-8B61-6309ACC607C4}"
EndProject
Project("{FAE04EC0-301F-11D3-BF4B-00C04F79EFBC}") = "lista_06", "lista_06\lista_06.csproj", "{E8787E43-127C-4713-8177-9BB18B6C9CEC}"
EndProject
Project("{FAE04EC0-301F-11D3-BF4B-00C04F79EFBC}") = "lista_07", "lista_07\lista_07.csproj", "{78B9FB9C-708B-4617-9258-93BC3578BC6D}"
EndProject
Project("{FAE04EC0-301F-11D3-BF4B-00C04F79EFBC}") = "lista_08", "lista_08\lista_08.csproj", "{CFF98789-21F6-47FB-8415-FCB8E55BAE0B}"
EndProject
Project("{FAE04EC0-301F-11D3-BF4B-00C04F79EFBC}") = "lista_09", "lista_09\lista_09.csproj", "{C61B91A9-C40B-4DA6-836C-F9D68966C470}"
EndProject
Project("{FAE04EC0-301F-11D3-BF4B-00C04F79EFBC}") = "lista_10", "lista_10\lista_10.csproj", "{F619F84B-AA58-4A93-8159-F00F9875CA7D}"
EndProject
Global
	GlobalSection(SolutionConfigurationPlatforms) = preSolution
		Debug|Any CPU = Debug|Any CPU
		Release|Any CPU = Release|Any CPU
	EndGlobalSection
	GlobalSection(ProjectConfigurationPlatforms) = postSolution
		{D3DB71AF-469B-433F-8BB5-6627334676EC}.Debug|Any CPU.ActiveCfg = Debug|Any CPU
		{D3DB71AF-469B-433F-8BB5-6627334676EC}.Debug|Any CPU.Build.0 = Debug|Any CPU
		{D3DB71AF-469B-433F-8BB5-6627334676EC}.Release|Any CPU.ActiveCfg = Release|Any CPU
		{D3DB71AF-469B-433F-8BB5-6627334676EC}.Release|Any CPU.Build.0 = Release|Any CPU
		{B82D6B2C-BC7D-4385-A56B-3F8B7FFF729A}.Debug|Any CPU.ActiveCfg = Debug|Any CPU
		{B82D6B2C-BC7D-4385-A56B-3F8B7FFF729A}.Debug|Any CPU.Build.0 = Debug|Any CPU
		{B82D6B2C-BC7D-4385-A56B-3F8B7FFF729A}.Release|Any CPU.ActiveCfg = Release|Any CPU
		{B82D6B2C-BC7D-4385-A56B-3F8B7FFF729A}.Release|Any CPU.Build.0 = Release|Any CPU
		{309CFBE7-9395-4351-9B42-C532287CACBE}.Debug|Any CPU.ActiveCfg = Debug|Any CPU
		{309CFBE7-9395-4351-9B42-C532287CACBE}.Debug|Any CPU.Build.0 = Debug|Any CPU
		{309CFBE7-9395-4351-9B42-C532287CACBE}.Release|Any CPU.ActiveCfg = Release|Any CPU
		{309CFBE7-9395-4351-9B42-C532287CACBE}.Release|Any CPU.Build.0 = Release|Any CPU
		{B22911E8-E558-41DE-BFEE-5A06DC9BC01A}.Debug|Any CPU.ActiveCfg = Debug|Any CPU
		{B22911E8-E558-41DE-BFEE-5A06DC9BC01A}.Debug|Any CPU.Build.0 = Debug|Any CPU
		{B22911E8-E558-41DE-BFEE-5A06DC9BC01A}.Release|Any CPU.ActiveCfg = Release|Any CPU
		{B22911E8-E558-41DE-BFEE-5A06DC9BC01A}.Release|Any CPU.Build.0 = Release|Any CPU
		{56859DC3-8BB7-4270-8B61-6309ACC607C4}.Debug|Any CPU.ActiveCfg = Debug|Any CPU
		{56859DC3-8BB7-4270-8B61-6309ACC607C4}.Debug|Any CPU.Build.0 = Debug|Any CPU
		{56859DC3-8BB7-4270-8B61-6309ACC607C4}.Release|Any CPU.ActiveCfg = Release|Any CPU
		{56859DC3-8BB7-4270-8B61-6309ACC607C4}.Release|Any CPU.Build.0 = Release|Any CPU
		{E8787E43-127C-4713-8177-9BB18B6C9CEC}.Debug|Any CPU.ActiveCfg = Debug|Any CPU
		{E8787E43-127C-4713-8177-9BB18B6C9CEC}.Debug|Any CPU.Build.0 = Debug|Any CPU
		{E8787E43-127C-4713-8177-9BB18B6C9CEC}.Release|Any CPU.ActiveCfg = Release|Any CPU
		{E8787E43-127C-4713-8177-9BB18B6C9CEC}.Release|Any CPU.Build.0 = Release|Any CPU
		{78B9FB9C-708B-4617-9258-93BC3578BC6D}.Debug|Any CPU.ActiveCfg = Debug|Any CPU
		{78B9FB9C-708B-4617-9258-93BC3578BC6D}.Debug|Any CPU.Build.0 = Debug|Any CPU
		{78B9FB9C-708B-4617-9258-93BC3578BC6D}.Release|Any CPU.ActiveCfg = Release|Any CPU
		{78B9FB9C-708B-4617-9258-93BC3578BC6D}.Release|Any CPU.Build.0 = Release|Any CPU
		{CFF98789-21F6-47FB-8415-FCB8E55BAE0B}.Debug|Any CPU.ActiveCfg = Debug|Any CPU
		{CFF98789-21F6-47FB-8415-FCB8E55BAE0B}.Debug|Any CPU.Build.0 = Debug|Any CPU
		{CFF98789-21F6-47FB-8415-FCB8E55BAE0B}.Release|Any CPU.ActiveCfg = Release|Any CPU
		{CFF98789-21F6-47FB-8415-FCB8E55BAE0B}.Release|Any CPU.Build.0 = Release|Any CPU
		{C61B91A9-C40B-4DA6-836C-F9D68966C470}.Debug|Any CPU.ActiveCfg = Debug|Any CPU
		{C61B91A9-C40B-4DA6-836C-F9D68966C470}.Debug|Any CPU.Build.0 = Debug|Any CPU
		{C61B91A9-C40B-4DA6-836C-F9D68966C470}.Release|Any CPU.ActiveCfg = Release|Any CPU
		{C61B91A9-C40B-4DA6-836C-F9D68966C470}.Release|Any CPU.Build.0 = Release|Any CPU
		{F619F84B-AA58-4A93-8159-F00F9875CA7D}.Debug|Any CPU.ActiveCfg = Debug|Any CPU
		{F619F84B-AA58-4A93-8159-F00F9875CA7D}.Debug|Any CPU.Build.0 = Debug|Any CPU
		{F619F84B-AA58-4A93-8159-F00F9875CA7D}.Release|Any CPU.ActiveCfg = Release|Any CPU
		{F619F84B-AA58-4A93-8159-F00F9875CA7D}.Release|Any CPU.Build.0 = Release|Any CPU
	EndGlobalSection
	GlobalSection(SolutionProperties) = preSolution
		HideSolutionNode = FALSE
	EndGlobalSection
	GlobalSection(ExtensibilityGlobals) = postSolution
		SolutionGuid = {3A04488C-28EE-47FC-89E2-58AFBCC6FEB5}
	EndGlobalSection
EndGlobal
